
Microsoft Visual Studio Solution File, Format Version 12.00
# Visual Studio 15
VisualStudioVersion = 15.0.28010.2026
MinimumVisualStudioVersion = 10.0.40219.1
Project("{FAE04EC0-301F-11D3-BF4B-00C04F79EFBC}") = "ClassLibrary1", "ClassLibrary1\ClassLibrary1.csproj", "{1F6961A5-E090-4A26-B7EF-DF4328EAE50E}"
EndProject
Project("{FAE04EC0-301F-11D3-BF4B-00C04F79EFBC}") = "UnitTestProject2", "UnitTestProject2\UnitTestProject2.csproj", "{77926E6A-A058-4B5F-AA74-DA9F8198B331}"
EndProject
Global
	GlobalSection(SolutionConfigurationPlatforms) = preSolution
		Debug|Any CPU = Debug|Any CPU
		Release|Any CPU = Release|Any CPU
	EndGlobalSection
	GlobalSection(ProjectConfigurationPlatforms) = postSolution
		{1F6961A5-E090-4A26-B7EF-DF4328EAE50E}.Debug|Any CPU.ActiveCfg = Debug|Any CPU
		{1F6961A5-E090-4A26-B7EF-DF4328EAE50E}.Debug|Any CPU.Build.0 = Debug|Any CPU
		{1F6961A5-E090-4A26-B7EF-DF4328EAE50E}.Release|Any CPU.ActiveCfg = Release|Any CPU
		{1F6961A5-E090-4A26-B7EF-DF4328EAE50E}.Release|Any CPU.Build.0 = Release|Any CPU
		{77926E6A-A058-4B5F-AA74-DA9F8198B331}.Debug|Any CPU.ActiveCfg = Debug|Any CPU
		{77926E6A-A058-4B5F-AA74-DA9F8198B331}.Debug|Any CPU.Build.0 = Debug|Any CPU
		{77926E6A-A058-4B5F-AA74-DA9F8198B331}.Release|Any CPU.ActiveCfg = Release|Any CPU
		{77926E6A-A058-4B5F-AA74-DA9F8198B331}.Release|Any CPU.Build.0 = Release|Any CPU
	EndGlobalSection
	GlobalSection(SolutionProperties) = preSolution
		HideSolutionNode = FALSE
	EndGlobalSection
	GlobalSection(ExtensibilityGlobals) = postSolution
		SolutionGuid = {AEF92696-46A6-4EEA-92D6-9CDDDB6898E5}
	EndGlobalSection
EndGlobal
